{"is_source_file": false, "format": "", "description": "", "external_files": [], "external_methods": [], "published": [], "classes": [], "methods": [], "calls": [], "search-terms": [], "state": 2, "file_id": 18, "knowledge_revision": 50, "git_revision": "b041676571ac581eac6f0f23a233709bf0c303ad", "hash": "e9b4c3b42cef0193b7fddb548d37e652", "format-version": 4, "code-base-name": "default", "filename": "financeflow/post_process_status.lock", "revision_history": [{"50": "b041676571ac581eac6f0f23a233709bf0c303ad"}]}